
Microsoft Visual Studio Solution File, Format Version 12.00
# Visual Studio 15
VisualStudioVersion = 15.0.27703.2042
MinimumVisualStudioVersion = 10.0.40219.1
Project("{9A19103F-16F7-4668-BE54-9A1E7A4F7556}") = "DotNetCore2.WebJob.TemplateProject.Data", "DotNetCore2.WebJob.TemplateProject.Data\DotNetCore2.WebJob.TemplateProject.Data.csproj", "{7A1E5702-51A8-47FD-877A-747192D9666B}"
EndProject
Project("{9A19103F-16F7-4668-BE54-9A1E7A4F7556}") = "DotNetCore2.WebJob.TemplateProject.WebJob", "DotNetCore2.WebJob.TemplateProject.WebJob\DotNetCore2.WebJob.TemplateProject.WebJob.csproj", "{43C9EA89-1164-4A81-874E-5BE67C518091}"
EndProject
Project("{FAE04EC0-301F-11D3-BF4B-00C04F79EFBC}") = "DotNetCore2.WebJob.TemplateProject.Services", "DotNetCore2.WebJob.TemplateProject.Services\DotNetCore2.WebJob.TemplateProject.Services.csproj", "{245948A7-9AB0-4A52-9877-B1D08B9F4C20}"
EndProject
Global
	GlobalSection(SolutionConfigurationPlatforms) = preSolution
		Debug|Any CPU = Debug|Any CPU
		Release|Any CPU = Release|Any CPU
	EndGlobalSection
	GlobalSection(ProjectConfigurationPlatforms) = postSolution
		{7A1E5702-51A8-47FD-877A-747192D9666B}.Debug|Any CPU.ActiveCfg = Debug|Any CPU
		{7A1E5702-51A8-47FD-877A-747192D9666B}.Debug|Any CPU.Build.0 = Debug|Any CPU
		{7A1E5702-51A8-47FD-877A-747192D9666B}.Release|Any CPU.ActiveCfg = Release|Any CPU
		{7A1E5702-51A8-47FD-877A-747192D9666B}.Release|Any CPU.Build.0 = Release|Any CPU
		{43C9EA89-1164-4A81-874E-5BE67C518091}.Debug|Any CPU.ActiveCfg = Debug|Any CPU
		{43C9EA89-1164-4A81-874E-5BE67C518091}.Debug|Any CPU.Build.0 = Debug|Any CPU
		{43C9EA89-1164-4A81-874E-5BE67C518091}.Release|Any CPU.ActiveCfg = Release|Any CPU
		{43C9EA89-1164-4A81-874E-5BE67C518091}.Release|Any CPU.Build.0 = Release|Any CPU
		{245948A7-9AB0-4A52-9877-B1D08B9F4C20}.Debug|Any CPU.ActiveCfg = Debug|Any CPU
		{245948A7-9AB0-4A52-9877-B1D08B9F4C20}.Debug|Any CPU.Build.0 = Debug|Any CPU
		{245948A7-9AB0-4A52-9877-B1D08B9F4C20}.Release|Any CPU.ActiveCfg = Release|Any CPU
		{245948A7-9AB0-4A52-9877-B1D08B9F4C20}.Release|Any CPU.Build.0 = Release|Any CPU
	EndGlobalSection
	GlobalSection(SolutionProperties) = preSolution
		HideSolutionNode = FALSE
	EndGlobalSection
	GlobalSection(ExtensibilityGlobals) = postSolution
		SolutionGuid = {B73DC3D0-6388-4BFC-8B7A-3D204FCB59BC}
	EndGlobalSection
EndGlobal
